
Microsoft Visual Studio Solution File, Format Version 12.00
# Visual Studio Version 16
VisualStudioVersion = 16.0.30413.136
MinimumVisualStudioVersion = 10.0.40219.1
Project("{FAE04EC0-301F-11D3-BF4B-00C04F79EFBC}") = "CEOSEOProject.Web", "CEOSEOProject.Web\CEOSEOProject.Web.csproj", "{0D32719D-C652-4B66-AE46-51DC8ECB859E}"
EndProject
Project("{FAE04EC0-301F-11D3-BF4B-00C04F79EFBC}") = "CEOSEOProject.Business", "CEOSEOProject.Business\CEOSEOProject.Business.csproj", "{F48BE8B8-5520-4992-AA02-6C42ED1079FE}"
EndProject
Global
	GlobalSection(SolutionConfigurationPlatforms) = preSolution
		Debug|Any CPU = Debug|Any CPU
		Release|Any CPU = Release|Any CPU
	EndGlobalSection
	GlobalSection(ProjectConfigurationPlatforms) = postSolution
		{0D32719D-C652-4B66-AE46-51DC8ECB859E}.Debug|Any CPU.ActiveCfg = Debug|Any CPU
		{0D32719D-C652-4B66-AE46-51DC8ECB859E}.Debug|Any CPU.Build.0 = Debug|Any CPU
		{0D32719D-C652-4B66-AE46-51DC8ECB859E}.Release|Any CPU.ActiveCfg = Release|Any CPU
		{0D32719D-C652-4B66-AE46-51DC8ECB859E}.Release|Any CPU.Build.0 = Release|Any CPU
		{F48BE8B8-5520-4992-AA02-6C42ED1079FE}.Debug|Any CPU.ActiveCfg = Debug|Any CPU
		{F48BE8B8-5520-4992-AA02-6C42ED1079FE}.Debug|Any CPU.Build.0 = Debug|Any CPU
		{F48BE8B8-5520-4992-AA02-6C42ED1079FE}.Release|Any CPU.ActiveCfg = Release|Any CPU
		{F48BE8B8-5520-4992-AA02-6C42ED1079FE}.Release|Any CPU.Build.0 = Release|Any CPU
	EndGlobalSection
	GlobalSection(SolutionProperties) = preSolution
		HideSolutionNode = FALSE
	EndGlobalSection
	GlobalSection(ExtensibilityGlobals) = postSolution
		SolutionGuid = {CF84D48B-05E0-400B-BDF4-A8450E215798}
	EndGlobalSection
EndGlobal
